
Microsoft Visual Studio Solution File, Format Version 12.00
# Visual Studio Version 16
VisualStudioVersion = 16.0.31005.135
MinimumVisualStudioVersion = 10.0.40219.1
Project("{FAE04EC0-301F-11D3-BF4B-00C04F79EFBC}") = "CommunicationModule", "CommunicationModule\CommunicationModule.csproj", "{B3302D51-DEBE-42DA-827B-808B8620268A}"
EndProject
Project("{FAE04EC0-301F-11D3-BF4B-00C04F79EFBC}") = "CommunicationModule.Contracts", "CommunicationModule.Contracts\CommunicationModule.Contracts.csproj", "{0141B6DF-B357-4E67-B303-AB32E132A9CF}"
EndProject
Global
	GlobalSection(SolutionConfigurationPlatforms) = preSolution
		Debug|Any CPU = Debug|Any CPU
		Release|Any CPU = Release|Any CPU
	EndGlobalSection
	GlobalSection(ProjectConfigurationPlatforms) = postSolution
		{B3302D51-DEBE-42DA-827B-808B8620268A}.Debug|Any CPU.ActiveCfg = Debug|Any CPU
		{B3302D51-DEBE-42DA-827B-808B8620268A}.Debug|Any CPU.Build.0 = Debug|Any CPU
		{B3302D51-DEBE-42DA-827B-808B8620268A}.Release|Any CPU.ActiveCfg = Release|Any CPU
		{B3302D51-DEBE-42DA-827B-808B8620268A}.Release|Any CPU.Build.0 = Release|Any CPU
		{0141B6DF-B357-4E67-B303-AB32E132A9CF}.Debug|Any CPU.ActiveCfg = Debug|Any CPU
		{0141B6DF-B357-4E67-B303-AB32E132A9CF}.Debug|Any CPU.Build.0 = Debug|Any CPU
		{0141B6DF-B357-4E67-B303-AB32E132A9CF}.Release|Any CPU.ActiveCfg = Release|Any CPU
		{0141B6DF-B357-4E67-B303-AB32E132A9CF}.Release|Any CPU.Build.0 = Release|Any CPU
	EndGlobalSection
	GlobalSection(SolutionProperties) = preSolution
		HideSolutionNode = FALSE
	EndGlobalSection
	GlobalSection(ExtensibilityGlobals) = postSolution
		SolutionGuid = {9FEB3F5D-FFB5-438A-BB92-78720997075F}
	EndGlobalSection
EndGlobal
