
Microsoft Visual Studio Solution File, Format Version 12.00
# Visual Studio Version 16
VisualStudioVersion = 16.0.31005.135
MinimumVisualStudioVersion = 10.0.40219.1
Project("{9A19103F-16F7-4668-BE54-9A1E7A4F7556}") = "AnimalFarm.Birds", "AnimalFarm.Birds\AnimalFarm.Birds.csproj", "{C467243F-EECF-45A6-9083-919A160FDADC}"
EndProject
Project("{9A19103F-16F7-4668-BE54-9A1E7A4F7556}") = "AnimalFarm.Contracts", "AnimalFarm.Contracts\AnimalFarm.Contracts.csproj", "{B928F5F9-EBC3-445F-BEA2-01205EA5FAC6}"
EndProject
Project("{FAE04EC0-301F-11D3-BF4B-00C04F79EFBC}") = "AnimalFarm.Demo", "AnimalFarm.Demo\AnimalFarm.Demo.csproj", "{9AC92A6E-9958-41F7-8726-858F079BBAA4}"
EndProject
Global
	GlobalSection(SolutionConfigurationPlatforms) = preSolution
		Debug|Any CPU = Debug|Any CPU
		Release|Any CPU = Release|Any CPU
	EndGlobalSection
	GlobalSection(ProjectConfigurationPlatforms) = postSolution
		{C467243F-EECF-45A6-9083-919A160FDADC}.Debug|Any CPU.ActiveCfg = Debug|Any CPU
		{C467243F-EECF-45A6-9083-919A160FDADC}.Debug|Any CPU.Build.0 = Debug|Any CPU
		{C467243F-EECF-45A6-9083-919A160FDADC}.Release|Any CPU.ActiveCfg = Release|Any CPU
		{C467243F-EECF-45A6-9083-919A160FDADC}.Release|Any CPU.Build.0 = Release|Any CPU
		{B928F5F9-EBC3-445F-BEA2-01205EA5FAC6}.Debug|Any CPU.ActiveCfg = Debug|Any CPU
		{B928F5F9-EBC3-445F-BEA2-01205EA5FAC6}.Debug|Any CPU.Build.0 = Debug|Any CPU
		{B928F5F9-EBC3-445F-BEA2-01205EA5FAC6}.Release|Any CPU.ActiveCfg = Release|Any CPU
		{B928F5F9-EBC3-445F-BEA2-01205EA5FAC6}.Release|Any CPU.Build.0 = Release|Any CPU
		{9AC92A6E-9958-41F7-8726-858F079BBAA4}.Debug|Any CPU.ActiveCfg = Debug|Any CPU
		{9AC92A6E-9958-41F7-8726-858F079BBAA4}.Debug|Any CPU.Build.0 = Debug|Any CPU
		{9AC92A6E-9958-41F7-8726-858F079BBAA4}.Release|Any CPU.ActiveCfg = Release|Any CPU
		{9AC92A6E-9958-41F7-8726-858F079BBAA4}.Release|Any CPU.Build.0 = Release|Any CPU
	EndGlobalSection
	GlobalSection(SolutionProperties) = preSolution
		HideSolutionNode = FALSE
	EndGlobalSection
	GlobalSection(ExtensibilityGlobals) = postSolution
		SolutionGuid = {AF7240CD-82BC-41B8-AC03-29007DC939F9}
	EndGlobalSection
EndGlobal
